
Microsoft Visual Studio Solution File, Format Version 12.00
# Visual Studio Version 17
VisualStudioVersion = 17.14.36623.8 d17.14
MinimumVisualStudioVersion = 10.0.40219.1
Project("{FAE04EC0-301F-11D3-BF4B-00C04F79EFBC}") = "TaskManagerApi", "TaskManagerApi.csproj", "{2B65DCF4-29F6-4CEF-9D73-0276F3B4BB50}"
EndProject
Project("{FAE04EC0-301F-11D3-BF4B-00C04F79EFBC}") = "TaskManagerApi.Domain", "..\TaskManagerApi.Domain\TaskManagerApi.Domain.csproj", "{F2EB9E4E-DAF3-4A55-8C1B-C8C554720EF9}"
EndProject
Project("{FAE04EC0-301F-11D3-BF4B-00C04F79EFBC}") = "TaskManagerApi.Infrastructure", "..\TaskManagerApi.Infrastructure\TaskManagerApi.Infrastructure.csproj", "{55184415-39D2-4F54-A515-7510D9B57E78}"
EndProject
Project("{FAE04EC0-301F-11D3-BF4B-00C04F79EFBC}") = "TaskManagerApi.Application", "..\TaskManagerApi.Application\TaskManagerApi.Application.csproj", "{31AFEF05-2C3E-453F-B3ED-CE1725EAA529}"
EndProject
Global
	GlobalSection(SolutionConfigurationPlatforms) = preSolution
		Debug|Any CPU = Debug|Any CPU
		Release|Any CPU = Release|Any CPU
	EndGlobalSection
	GlobalSection(ProjectConfigurationPlatforms) = postSolution
		{2B65DCF4-29F6-4CEF-9D73-0276F3B4BB50}.Debug|Any CPU.ActiveCfg = Debug|Any CPU
		{2B65DCF4-29F6-4CEF-9D73-0276F3B4BB50}.Debug|Any CPU.Build.0 = Debug|Any CPU
		{2B65DCF4-29F6-4CEF-9D73-0276F3B4BB50}.Release|Any CPU.ActiveCfg = Release|Any CPU
		{2B65DCF4-29F6-4CEF-9D73-0276F3B4BB50}.Release|Any CPU.Build.0 = Release|Any CPU
		{F2EB9E4E-DAF3-4A55-8C1B-C8C554720EF9}.Debug|Any CPU.ActiveCfg = Debug|Any CPU
		{F2EB9E4E-DAF3-4A55-8C1B-C8C554720EF9}.Debug|Any CPU.Build.0 = Debug|Any CPU
		{F2EB9E4E-DAF3-4A55-8C1B-C8C554720EF9}.Release|Any CPU.ActiveCfg = Release|Any CPU
		{F2EB9E4E-DAF3-4A55-8C1B-C8C554720EF9}.Release|Any CPU.Build.0 = Release|Any CPU
		{55184415-39D2-4F54-A515-7510D9B57E78}.Debug|Any CPU.ActiveCfg = Debug|Any CPU
		{55184415-39D2-4F54-A515-7510D9B57E78}.Debug|Any CPU.Build.0 = Debug|Any CPU
		{55184415-39D2-4F54-A515-7510D9B57E78}.Release|Any CPU.ActiveCfg = Release|Any CPU
		{55184415-39D2-4F54-A515-7510D9B57E78}.Release|Any CPU.Build.0 = Release|Any CPU
		{31AFEF05-2C3E-453F-B3ED-CE1725EAA529}.Debug|Any CPU.ActiveCfg = Debug|Any CPU
		{31AFEF05-2C3E-453F-B3ED-CE1725EAA529}.Debug|Any CPU.Build.0 = Debug|Any CPU
		{31AFEF05-2C3E-453F-B3ED-CE1725EAA529}.Release|Any CPU.ActiveCfg = Release|Any CPU
		{31AFEF05-2C3E-453F-B3ED-CE1725EAA529}.Release|Any CPU.Build.0 = Release|Any CPU
	EndGlobalSection
	GlobalSection(SolutionProperties) = preSolution
		HideSolutionNode = FALSE
	EndGlobalSection
	GlobalSection(ExtensibilityGlobals) = postSolution
		SolutionGuid = {7BEB761B-9ABF-44E4-9DF3-65AFEF7AD239}
	EndGlobalSection
EndGlobal
